
Microsoft Visual Studio Solution File, Format Version 12.00
# Visual Studio Version 17
VisualStudioVersion = 17.0.31903.59
MinimumVisualStudioVersion = 10.0.40219.1
Project("{FAE04EC0-301F-11D3-BF4B-00C04F79EFBC}") = "QT1", "QT1\QT1.csproj", "{7A82793B-A80F-452E-9C0F-337D6002E375}"
EndProject
Project("{FAE04EC0-301F-11D3-BF4B-00C04F79EFBC}") = "QT2", "QT2\QT2.csproj", "{41F995D4-5786-4C15-8F71-8C60C795CB5C}"
EndProject
Project("{FAE04EC0-301F-11D3-BF4B-00C04F79EFBC}") = "QT3", "QT3\QT3.csproj", "{1A705610-36FB-48CF-875B-578E29EC430E}"
EndProject
Project("{FAE04EC0-301F-11D3-BF4B-00C04F79EFBC}") = "QT4", "QT4\QT4.csproj", "{B4BC4FE9-591E-469B-874C-4A6F9242F74E}"
EndProject
Project("{FAE04EC0-301F-11D3-BF4B-00C04F79EFBC}") = "QT5", "QT5\QT5.csproj", "{C77BD829-2242-4D1F-8720-3565038041D4}"
EndProject
Project("{FAE04EC0-301F-11D3-BF4B-00C04F79EFBC}") = "QT6", "QT6\QT6.csproj", "{303C1008-F5F3-4BCC-B60F-5C6F50C326D5}"
EndProject
Project("{FAE04EC0-301F-11D3-BF4B-00C04F79EFBC}") = "QT7", "QT7\QT7.csproj", "{6710DD8F-4C67-4EC7-BC1F-449770B1CDD0}"
EndProject
Project("{FAE04EC0-301F-11D3-BF4B-00C04F79EFBC}") = "QT8", "QT8\QT8.csproj", "{1296E324-736A-4BAB-B712-3A572FBC03E8}"
EndProject
Project("{FAE04EC0-301F-11D3-BF4B-00C04F79EFBC}") = "QT9", "QT9\QT9.csproj", "{0B616F47-EAFA-47F2-B1DA-19E2CE7B0054}"
EndProject
Project("{FAE04EC0-301F-11D3-BF4B-00C04F79EFBC}") = "QT10", "QT10\QT10.csproj", "{5264B7C9-9132-4B3E-8B10-B8CE22F931B0}"
EndProject
Global
	GlobalSection(SolutionConfigurationPlatforms) = preSolution
		Debug|Any CPU = Debug|Any CPU
		Release|Any CPU = Release|Any CPU
	EndGlobalSection
	GlobalSection(SolutionProperties) = preSolution
		HideSolutionNode = FALSE
	EndGlobalSection
	GlobalSection(ProjectConfigurationPlatforms) = postSolution
		{7A82793B-A80F-452E-9C0F-337D6002E375}.Debug|Any CPU.ActiveCfg = Debug|Any CPU
		{7A82793B-A80F-452E-9C0F-337D6002E375}.Debug|Any CPU.Build.0 = Debug|Any CPU
		{7A82793B-A80F-452E-9C0F-337D6002E375}.Release|Any CPU.ActiveCfg = Release|Any CPU
		{7A82793B-A80F-452E-9C0F-337D6002E375}.Release|Any CPU.Build.0 = Release|Any CPU
		{41F995D4-5786-4C15-8F71-8C60C795CB5C}.Debug|Any CPU.ActiveCfg = Debug|Any CPU
		{41F995D4-5786-4C15-8F71-8C60C795CB5C}.Debug|Any CPU.Build.0 = Debug|Any CPU
		{41F995D4-5786-4C15-8F71-8C60C795CB5C}.Release|Any CPU.ActiveCfg = Release|Any CPU
		{41F995D4-5786-4C15-8F71-8C60C795CB5C}.Release|Any CPU.Build.0 = Release|Any CPU
		{1A705610-36FB-48CF-875B-578E29EC430E}.Debug|Any CPU.ActiveCfg = Debug|Any CPU
		{1A705610-36FB-48CF-875B-578E29EC430E}.Debug|Any CPU.Build.0 = Debug|Any CPU
		{1A705610-36FB-48CF-875B-578E29EC430E}.Release|Any CPU.ActiveCfg = Release|Any CPU
		{1A705610-36FB-48CF-875B-578E29EC430E}.Release|Any CPU.Build.0 = Release|Any CPU
		{B4BC4FE9-591E-469B-874C-4A6F9242F74E}.Debug|Any CPU.ActiveCfg = Debug|Any CPU
		{B4BC4FE9-591E-469B-874C-4A6F9242F74E}.Debug|Any CPU.Build.0 = Debug|Any CPU
		{B4BC4FE9-591E-469B-874C-4A6F9242F74E}.Release|Any CPU.ActiveCfg = Release|Any CPU
		{B4BC4FE9-591E-469B-874C-4A6F9242F74E}.Release|Any CPU.Build.0 = Release|Any CPU
		{C77BD829-2242-4D1F-8720-3565038041D4}.Debug|Any CPU.ActiveCfg = Debug|Any CPU
		{C77BD829-2242-4D1F-8720-3565038041D4}.Debug|Any CPU.Build.0 = Debug|Any CPU
		{C77BD829-2242-4D1F-8720-3565038041D4}.Release|Any CPU.ActiveCfg = Release|Any CPU
		{C77BD829-2242-4D1F-8720-3565038041D4}.Release|Any CPU.Build.0 = Release|Any CPU
		{303C1008-F5F3-4BCC-B60F-5C6F50C326D5}.Debug|Any CPU.ActiveCfg = Debug|Any CPU
		{303C1008-F5F3-4BCC-B60F-5C6F50C326D5}.Debug|Any CPU.Build.0 = Debug|Any CPU
		{303C1008-F5F3-4BCC-B60F-5C6F50C326D5}.Release|Any CPU.ActiveCfg = Release|Any CPU
		{303C1008-F5F3-4BCC-B60F-5C6F50C326D5}.Release|Any CPU.Build.0 = Release|Any CPU
		{6710DD8F-4C67-4EC7-BC1F-449770B1CDD0}.Debug|Any CPU.ActiveCfg = Debug|Any CPU
		{6710DD8F-4C67-4EC7-BC1F-449770B1CDD0}.Debug|Any CPU.Build.0 = Debug|Any CPU
		{6710DD8F-4C67-4EC7-BC1F-449770B1CDD0}.Release|Any CPU.ActiveCfg = Release|Any CPU
		{6710DD8F-4C67-4EC7-BC1F-449770B1CDD0}.Release|Any CPU.Build.0 = Release|Any CPU
		{1296E324-736A-4BAB-B712-3A572FBC03E8}.Debug|Any CPU.ActiveCfg = Debug|Any CPU
		{1296E324-736A-4BAB-B712-3A572FBC03E8}.Debug|Any CPU.Build.0 = Debug|Any CPU
		{1296E324-736A-4BAB-B712-3A572FBC03E8}.Release|Any CPU.ActiveCfg = Release|Any CPU
		{1296E324-736A-4BAB-B712-3A572FBC03E8}.Release|Any CPU.Build.0 = Release|Any CPU
		{0B616F47-EAFA-47F2-B1DA-19E2CE7B0054}.Debug|Any CPU.ActiveCfg = Debug|Any CPU
		{0B616F47-EAFA-47F2-B1DA-19E2CE7B0054}.Debug|Any CPU.Build.0 = Debug|Any CPU
		{0B616F47-EAFA-47F2-B1DA-19E2CE7B0054}.Release|Any CPU.ActiveCfg = Release|Any CPU
		{0B616F47-EAFA-47F2-B1DA-19E2CE7B0054}.Release|Any CPU.Build.0 = Release|Any CPU
		{5264B7C9-9132-4B3E-8B10-B8CE22F931B0}.Debug|Any CPU.ActiveCfg = Debug|Any CPU
		{5264B7C9-9132-4B3E-8B10-B8CE22F931B0}.Debug|Any CPU.Build.0 = Debug|Any CPU
		{5264B7C9-9132-4B3E-8B10-B8CE22F931B0}.Release|Any CPU.ActiveCfg = Release|Any CPU
		{5264B7C9-9132-4B3E-8B10-B8CE22F931B0}.Release|Any CPU.Build.0 = Release|Any CPU
	EndGlobalSection
EndGlobal
